
Microsoft Visual Studio Solution File, Format Version 12.00
# Visual Studio Version 17
VisualStudioVersion = 17.7.34031.279
MinimumVisualStudioVersion = 10.0.40219.1
Project("{FAE04EC0-301F-11D3-BF4B-00C04F79EFBC}") = "MPSDataManager", "MPSDataManager\MPSDataManager.csproj", "{78C897AC-A0C9-440A-B9E5-ACEDDC14FA4A}"
EndProject
Global
	GlobalSection(SolutionConfigurationPlatforms) = preSolution
		Debug|Any CPU = Debug|Any CPU
		Release|Any CPU = Release|Any CPU
	EndGlobalSection
	GlobalSection(ProjectConfigurationPlatforms) = postSolution
		{78C897AC-A0C9-440A-B9E5-ACEDDC14FA4A}.Debug|Any CPU.ActiveCfg = Debug|Any CPU
		{78C897AC-A0C9-440A-B9E5-ACEDDC14FA4A}.Debug|Any CPU.Build.0 = Debug|Any CPU
		{78C897AC-A0C9-440A-B9E5-ACEDDC14FA4A}.Release|Any CPU.ActiveCfg = Release|Any CPU
		{78C897AC-A0C9-440A-B9E5-ACEDDC14FA4A}.Release|Any CPU.Build.0 = Release|Any CPU
	EndGlobalSection
	GlobalSection(SolutionProperties) = preSolution
		HideSolutionNode = FALSE
	EndGlobalSection
	GlobalSection(ExtensibilityGlobals) = postSolution
		SolutionGuid = {ECFA683D-6BD6-4B6B-B96D-9752DA9E215C}
	EndGlobalSection
EndGlobal
