
Microsoft Visual Studio Solution File, Format Version 12.00
# Visual Studio Version 17
VisualStudioVersion = 17.7.34031.279
MinimumVisualStudioVersion = 10.0.40219.1
Project("{FAE04EC0-301F-11D3-BF4B-00C04F79EFBC}") = "MPSDataManager", "MPSDataManager\MPSDataManager.csproj", "{78C897AC-A0C9-440A-B9E5-ACEDDC14FA4A}"
EndProject
Project("{00D1A9C2-B5F0-4AF3-8072-F6C62B433612}") = "MPSData", "MPSData\MPSData.sqlproj", "{19B64C10-DF0A-4683-8CC0-4AACE81FADC9}"
EndProject
Project("{FAE04EC0-301F-11D3-BF4B-00C04F79EFBC}") = "MPSWPFDesktopUI", "MPSWPFDesktopUI\MPSWPFDesktopUI.csproj", "{F1989169-17B8-46C7-8674-905EEDDC4FC4}"
EndProject
Project("{FAE04EC0-301F-11D3-BF4B-00C04F79EFBC}") = "MPSDataManager.Library", "MPSDataMananger.library\MPSDataManager.Library.csproj", "{BF80CA6F-B185-4EE4-9C70-0B9EC05F435F}"
EndProject
Project("{FAE04EC0-301F-11D3-BF4B-00C04F79EFBC}") = "MPSWPFDesktopUI.Library", "MPSWPFDesktopUI.Library\MPSWPFDesktopUI.Library.csproj", "{B4A1541F-D083-494D-B92A-EE142E14571C}"
EndProject
Project("{2150E333-8FDC-42A3-9474-1A3956D46DE8}") = "Database", "Database", "{01761630-9A7C-4224-B87F-345D35E12DCB}"
EndProject
Project("{2150E333-8FDC-42A3-9474-1A3956D46DE8}") = "API", "API", "{A922E60E-2B2F-4905-8DE8-8D7A1DA1B4EF}"
EndProject
Project("{2150E333-8FDC-42A3-9474-1A3956D46DE8}") = "WPF", "WPF", "{7B008F4E-A2FB-43E1-81F5-04A9E5800657}"
EndProject
Global
	GlobalSection(SolutionConfigurationPlatforms) = preSolution
		Debug|Any CPU = Debug|Any CPU
		Release|Any CPU = Release|Any CPU
	EndGlobalSection
	GlobalSection(ProjectConfigurationPlatforms) = postSolution
		{78C897AC-A0C9-440A-B9E5-ACEDDC14FA4A}.Debug|Any CPU.ActiveCfg = Debug|Any CPU
		{78C897AC-A0C9-440A-B9E5-ACEDDC14FA4A}.Debug|Any CPU.Build.0 = Debug|Any CPU
		{78C897AC-A0C9-440A-B9E5-ACEDDC14FA4A}.Release|Any CPU.ActiveCfg = Release|Any CPU
		{78C897AC-A0C9-440A-B9E5-ACEDDC14FA4A}.Release|Any CPU.Build.0 = Release|Any CPU
		{19B64C10-DF0A-4683-8CC0-4AACE81FADC9}.Debug|Any CPU.ActiveCfg = Debug|Any CPU
		{19B64C10-DF0A-4683-8CC0-4AACE81FADC9}.Debug|Any CPU.Build.0 = Debug|Any CPU
		{19B64C10-DF0A-4683-8CC0-4AACE81FADC9}.Debug|Any CPU.Deploy.0 = Debug|Any CPU
		{19B64C10-DF0A-4683-8CC0-4AACE81FADC9}.Release|Any CPU.ActiveCfg = Release|Any CPU
		{19B64C10-DF0A-4683-8CC0-4AACE81FADC9}.Release|Any CPU.Build.0 = Release|Any CPU
		{19B64C10-DF0A-4683-8CC0-4AACE81FADC9}.Release|Any CPU.Deploy.0 = Release|Any CPU
		{F1989169-17B8-46C7-8674-905EEDDC4FC4}.Debug|Any CPU.ActiveCfg = Debug|Any CPU
		{F1989169-17B8-46C7-8674-905EEDDC4FC4}.Debug|Any CPU.Build.0 = Debug|Any CPU
		{F1989169-17B8-46C7-8674-905EEDDC4FC4}.Release|Any CPU.ActiveCfg = Release|Any CPU
		{F1989169-17B8-46C7-8674-905EEDDC4FC4}.Release|Any CPU.Build.0 = Release|Any CPU
		{BF80CA6F-B185-4EE4-9C70-0B9EC05F435F}.Debug|Any CPU.ActiveCfg = Debug|Any CPU
		{BF80CA6F-B185-4EE4-9C70-0B9EC05F435F}.Debug|Any CPU.Build.0 = Debug|Any CPU
		{BF80CA6F-B185-4EE4-9C70-0B9EC05F435F}.Release|Any CPU.ActiveCfg = Release|Any CPU
		{BF80CA6F-B185-4EE4-9C70-0B9EC05F435F}.Release|Any CPU.Build.0 = Release|Any CPU
		{B4A1541F-D083-494D-B92A-EE142E14571C}.Debug|Any CPU.ActiveCfg = Debug|Any CPU
		{B4A1541F-D083-494D-B92A-EE142E14571C}.Debug|Any CPU.Build.0 = Debug|Any CPU
		{B4A1541F-D083-494D-B92A-EE142E14571C}.Release|Any CPU.ActiveCfg = Release|Any CPU
		{B4A1541F-D083-494D-B92A-EE142E14571C}.Release|Any CPU.Build.0 = Release|Any CPU
	EndGlobalSection
	GlobalSection(SolutionProperties) = preSolution
		HideSolutionNode = FALSE
	EndGlobalSection
	GlobalSection(NestedProjects) = preSolution
		{78C897AC-A0C9-440A-B9E5-ACEDDC14FA4A} = {A922E60E-2B2F-4905-8DE8-8D7A1DA1B4EF}
		{19B64C10-DF0A-4683-8CC0-4AACE81FADC9} = {01761630-9A7C-4224-B87F-345D35E12DCB}
		{F1989169-17B8-46C7-8674-905EEDDC4FC4} = {7B008F4E-A2FB-43E1-81F5-04A9E5800657}
		{BF80CA6F-B185-4EE4-9C70-0B9EC05F435F} = {A922E60E-2B2F-4905-8DE8-8D7A1DA1B4EF}
		{B4A1541F-D083-494D-B92A-EE142E14571C} = {7B008F4E-A2FB-43E1-81F5-04A9E5800657}
	EndGlobalSection
	GlobalSection(ExtensibilityGlobals) = postSolution
		SolutionGuid = {ECFA683D-6BD6-4B6B-B96D-9752DA9E215C}
	EndGlobalSection
EndGlobal
